
Microsoft Visual Studio Solution File, Format Version 12.00
# Visual Studio Version 17
VisualStudioVersion = 17.7.34202.233
MinimumVisualStudioVersion = 10.0.40219.1
Project("{FAE04EC0-301F-11D3-BF4B-00C04F79EFBC}") = "PRUEBA2", "PRUEBA2\PRUEBA2.csproj", "{7F6D3E3B-57DB-4D3A-A721-37EC877D5559}"
EndProject
Project("{FAE04EC0-301F-11D3-BF4B-00C04F79EFBC}") = "ClassLibrary1", "ClassLibrary1\ClassLibrary1.csproj", "{F5497CBF-49C5-41CD-9A03-8E7A8CD6E164}"
EndProject
Global
	GlobalSection(SolutionConfigurationPlatforms) = preSolution
		Debug|Any CPU = Debug|Any CPU
		Release|Any CPU = Release|Any CPU
	EndGlobalSection
	GlobalSection(ProjectConfigurationPlatforms) = postSolution
		{7F6D3E3B-57DB-4D3A-A721-37EC877D5559}.Debug|Any CPU.ActiveCfg = Debug|Any CPU
		{7F6D3E3B-57DB-4D3A-A721-37EC877D5559}.Debug|Any CPU.Build.0 = Debug|Any CPU
		{7F6D3E3B-57DB-4D3A-A721-37EC877D5559}.Release|Any CPU.ActiveCfg = Release|Any CPU
		{7F6D3E3B-57DB-4D3A-A721-37EC877D5559}.Release|Any CPU.Build.0 = Release|Any CPU
		{F5497CBF-49C5-41CD-9A03-8E7A8CD6E164}.Debug|Any CPU.ActiveCfg = Debug|Any CPU
		{F5497CBF-49C5-41CD-9A03-8E7A8CD6E164}.Debug|Any CPU.Build.0 = Debug|Any CPU
		{F5497CBF-49C5-41CD-9A03-8E7A8CD6E164}.Release|Any CPU.ActiveCfg = Release|Any CPU
		{F5497CBF-49C5-41CD-9A03-8E7A8CD6E164}.Release|Any CPU.Build.0 = Release|Any CPU
	EndGlobalSection
	GlobalSection(SolutionProperties) = preSolution
		HideSolutionNode = FALSE
	EndGlobalSection
	GlobalSection(ExtensibilityGlobals) = postSolution
		SolutionGuid = {DF1A294B-8726-4896-8841-EC8E8FC7C538}
	EndGlobalSection
EndGlobal
